
Microsoft Visual Studio Solution File, Format Version 12.00
# Visual Studio Version 17
VisualStudioVersion = 17.14.36121.58 d17.14
MinimumVisualStudioVersion = 10.0.40219.1
Project("{FAE04EC0-301F-11D3-BF4B-00C04F79EFBC}") = "WaitListApp", "WaitListApp\WaitListApp.csproj", "{8F2B0D16-3F9E-4027-B3F6-D84B899BDC71}"
EndProject
Global
	GlobalSection(SolutionConfigurationPlatforms) = preSolution
		Debug|Any CPU = Debug|Any CPU
		Release|Any CPU = Release|Any CPU
	EndGlobalSection
	GlobalSection(ProjectConfigurationPlatforms) = postSolution
		{8F2B0D16-3F9E-4027-B3F6-D84B899BDC71}.Debug|Any CPU.ActiveCfg = Debug|Any CPU
		{8F2B0D16-3F9E-4027-B3F6-D84B899BDC71}.Debug|Any CPU.Build.0 = Debug|Any CPU
		{8F2B0D16-3F9E-4027-B3F6-D84B899BDC71}.Release|Any CPU.ActiveCfg = Release|Any CPU
		{8F2B0D16-3F9E-4027-B3F6-D84B899BDC71}.Release|Any CPU.Build.0 = Release|Any CPU
	EndGlobalSection
	GlobalSection(SolutionProperties) = preSolution
		HideSolutionNode = FALSE
	EndGlobalSection
	GlobalSection(ExtensibilityGlobals) = postSolution
		SolutionGuid = {EB756BC0-CA35-4610-B322-4FF9F9DC506B}
	EndGlobalSection
EndGlobal
